
Microsoft Visual Studio Solution File, Format Version 12.00
# Visual Studio Version 16
VisualStudioVersion = 16.0.31321.278
MinimumVisualStudioVersion = 10.0.40219.1
Project("{FAE04EC0-301F-11D3-BF4B-00C04F79EFBC}") = "MongoMusicExplorer", "MongoMusicExplorer\MongoMusicExplorer.csproj", "{3745503E-9C4F-4CC8-836B-AACC6D5CE0C5}"
EndProject
Global
	GlobalSection(SolutionConfigurationPlatforms) = preSolution
		Debug|Any CPU = Debug|Any CPU
		Release|Any CPU = Release|Any CPU
	EndGlobalSection
	GlobalSection(ProjectConfigurationPlatforms) = postSolution
		{3745503E-9C4F-4CC8-836B-AACC6D5CE0C5}.Debug|Any CPU.ActiveCfg = Debug|Any CPU
		{3745503E-9C4F-4CC8-836B-AACC6D5CE0C5}.Debug|Any CPU.Build.0 = Debug|Any CPU
		{3745503E-9C4F-4CC8-836B-AACC6D5CE0C5}.Release|Any CPU.ActiveCfg = Release|Any CPU
		{3745503E-9C4F-4CC8-836B-AACC6D5CE0C5}.Release|Any CPU.Build.0 = Release|Any CPU
	EndGlobalSection
	GlobalSection(SolutionProperties) = preSolution
		HideSolutionNode = FALSE
	EndGlobalSection
	GlobalSection(ExtensibilityGlobals) = postSolution
		SolutionGuid = {ED70A062-A02A-4759-A5D5-B9E9027DD284}
	EndGlobalSection
EndGlobal
